
Microsoft Visual Studio Solution File, Format Version 12.00
# Visual Studio Version 17
VisualStudioVersion = 17.2.32630.192
MinimumVisualStudioVersion = 10.0.40219.1
Project("{FAE04EC0-301F-11D3-BF4B-00C04F79EFBC}") = "WindowsFormsApp4", "WindowsFormsApp4\WindowsFormsApp4.csproj", "{A43F8E0B-9DF1-42B4-B23E-EC4C35BB2956}"
EndProject
Project("{FAE04EC0-301F-11D3-BF4B-00C04F79EFBC}") = "MLib", "MLib\MLib.csproj", "{ED81643B-66B7-4631-8ADB-286E979B1F9F}"
EndProject
Global
	GlobalSection(SolutionConfigurationPlatforms) = preSolution
		Debug|Any CPU = Debug|Any CPU
		Release|Any CPU = Release|Any CPU
	EndGlobalSection
	GlobalSection(ProjectConfigurationPlatforms) = postSolution
		{A43F8E0B-9DF1-42B4-B23E-EC4C35BB2956}.Debug|Any CPU.ActiveCfg = Debug|Any CPU
		{A43F8E0B-9DF1-42B4-B23E-EC4C35BB2956}.Debug|Any CPU.Build.0 = Debug|Any CPU
		{A43F8E0B-9DF1-42B4-B23E-EC4C35BB2956}.Release|Any CPU.ActiveCfg = Release|Any CPU
		{A43F8E0B-9DF1-42B4-B23E-EC4C35BB2956}.Release|Any CPU.Build.0 = Release|Any CPU
		{ED81643B-66B7-4631-8ADB-286E979B1F9F}.Debug|Any CPU.ActiveCfg = Debug|Any CPU
		{ED81643B-66B7-4631-8ADB-286E979B1F9F}.Debug|Any CPU.Build.0 = Debug|Any CPU
		{ED81643B-66B7-4631-8ADB-286E979B1F9F}.Release|Any CPU.ActiveCfg = Release|Any CPU
		{ED81643B-66B7-4631-8ADB-286E979B1F9F}.Release|Any CPU.Build.0 = Release|Any CPU
	EndGlobalSection
	GlobalSection(SolutionProperties) = preSolution
		HideSolutionNode = FALSE
	EndGlobalSection
	GlobalSection(ExtensibilityGlobals) = postSolution
		SolutionGuid = {55CF412A-D6B3-4638-AF1D-EFB11EB7EA6E}
	EndGlobalSection
EndGlobal
